
Microsoft Visual Studio Solution File, Format Version 12.00
# Visual Studio Version 17
VisualStudioVersion = 17.3.32811.315
MinimumVisualStudioVersion = 10.0.40219.1
Project("{FAE04EC0-301F-11D3-BF4B-00C04F79EFBC}") = "TSECrawler", "TSECrawler\TSECrawler.csproj", "{06D2AED6-786E-4DCE-9695-81F9DD4B9F98}"
EndProject
Global
	GlobalSection(SolutionConfigurationPlatforms) = preSolution
		Debug|Any CPU = Debug|Any CPU
		Release|Any CPU = Release|Any CPU
	EndGlobalSection
	GlobalSection(ProjectConfigurationPlatforms) = postSolution
		{06D2AED6-786E-4DCE-9695-81F9DD4B9F98}.Debug|Any CPU.ActiveCfg = Debug|Any CPU
		{06D2AED6-786E-4DCE-9695-81F9DD4B9F98}.Debug|Any CPU.Build.0 = Debug|Any CPU
		{06D2AED6-786E-4DCE-9695-81F9DD4B9F98}.Release|Any CPU.ActiveCfg = Release|Any CPU
		{06D2AED6-786E-4DCE-9695-81F9DD4B9F98}.Release|Any CPU.Build.0 = Release|Any CPU
	EndGlobalSection
	GlobalSection(SolutionProperties) = preSolution
		HideSolutionNode = FALSE
	EndGlobalSection
	GlobalSection(ExtensibilityGlobals) = postSolution
		SolutionGuid = {801D25E8-ED1C-47D5-952D-072AB2456D28}
	EndGlobalSection
EndGlobal
